# This file is automatically @generated by Cargo.
# It is not intended for manual editing.
version = 3

[[package]]
name = "datum"
version = "1.1.0"
dependencies = [
 "serde",
]

[[package]]
name = "serde"
version = "1.0.185"
source = "registry+https://github.com/rust-lang/crates.io-index"
checksum = "be9b6f69f1dfd54c3b568ffa45c310d6973a5e5148fd40cf515acaf38cf5bc31"
